{
  "name": "ggo",
  "lockfileVersion": 2,
  "requires": true,
  "packages": {
    "": {
      "dependencies": {
        "@gouvfr/dsfr": "^1.9.0",
        "leaflet-geosearch": "^3.8.0",
        "node-fetch": "^2.6.11"
      }
    },
    "node_modules/@googlemaps/js-api-loader": {
      "version": "1.15.1",
      "resolved": "https://registry.npmjs.org/@googlemaps/js-api-loader/-/js-api-loader-1.15.1.tgz",
      "integrity": "sha512-AsnEgNsB7S/VdrHGEQUaUM2e5tmjFGKBAfzR/AqO8O7TPq/jQGvoRw5liPBw4EMF38RDsHmKDV89q/X+qiUREQ==",
      "optional": true,
      "dependencies": {
        "fast-deep-equal": "^3.1.3"
      }
    },
    "node_modules/@gouvfr/dsfr": {
      "version": "1.9.0",
      "resolved": "https://registry.npmjs.org/@gouvfr/dsfr/-/dsfr-1.9.0.tgz",
      "integrity": "sha512-CWckBrvCL28QV2K1+GK/AjW40aGHmd1oXnCSFRD4iRhsIgXkE/+t6pH24L+6BKVBCSYfp2RTGAgRwVN06PqGMw==",
      "engines": {
        "node": ">=14.18.0"
      }
    },
    "node_modules/fast-deep-equal": {
      "version": "3.1.3",
      "resolved": "https://registry.npmjs.org/fast-deep-equal/-/fast-deep-equal-3.1.3.tgz",
      "integrity": "sha512-f3qQ9oQy9j2AhBe/H9VC91wLmKBCCU/gDOnKNAYG5hswO7BLKj09Hc5HYNz9cGI++xlpDCIgDaitVs03ATR84Q==",
      "optional": true
    },
    "node_modules/leaflet": {
      "version": "1.9.3",
      "resolved": "https://registry.npmjs.org/leaflet/-/leaflet-1.9.3.tgz",
      "integrity": "sha512-iB2cR9vAkDOu5l3HAay2obcUHZ7xwUBBjph8+PGtmW/2lYhbLizWtG7nTeYht36WfOslixQF9D/uSIzhZgGMfQ==",
      "optional": true
    },
    "node_modules/leaflet-geosearch": {
      "version": "3.8.0",
      "resolved": "https://registry.npmjs.org/leaflet-geosearch/-/leaflet-geosearch-3.8.0.tgz",
      "integrity": "sha512-YYFigq2JkqaZrgEjxWyvyQy4seh0Il9xPlG+IP2Z3+K7DrQ+bYc7qDizmxKbAn2jSNUCvokz75gXj7wXcFDB9A==",
      "optionalDependencies": {
        "@googlemaps/js-api-loader": "^1.14.3",
        "leaflet": "^1.6.0"
      }
    },
    "node_modules/node-fetch": {
      "version": "2.6.11",
      "resolved": "https://registry.npmjs.org/node-fetch/-/node-fetch-2.6.11.tgz",
      "integrity": "sha512-4I6pdBY1EthSqDmJkiNk3JIT8cswwR9nfeW/cPdUagJYEQG7R95WRH74wpz7ma8Gh/9dI9FP+OU+0E4FvtA55w==",
      "dependencies": {
        "whatwg-url": "^5.0.0"
      },
      "engines": {
        "node": "4.x || >=6.0.0"
      },
      "peerDependencies": {
        "encoding": "^0.1.0"
      },
      "peerDependenciesMeta": {
        "encoding": {
          "optional": true
        }
      }
    },
    "node_modules/tr46": {
      "version": "0.0.3",
      "resolved": "https://registry.npmjs.org/tr46/-/tr46-0.0.3.tgz",
      "integrity": "sha512-N3WMsuqV66lT30CrXNbEjx4GEwlow3v6rr4mCcv6prnfwhS01rkgyFdjPNBYd9br7LpXV1+Emh01fHnq2Gdgrw=="
    },
    "node_modules/webidl-conversions": {
      "version": "3.0.1",
      "resolved": "https://registry.npmjs.org/webidl-conversions/-/webidl-conversions-3.0.1.tgz",
      "integrity": "sha512-2JAn3z8AR6rjK8Sm8orRC0h/bcl/DqL7tRPdGZ4I1CjdF+EaMLmYxBHyXuKL849eucPFhvBoxMsflfOb8kxaeQ=="
    },
    "node_modules/whatwg-url": {
      "version": "5.0.0",
      "resolved": "https://registry.npmjs.org/whatwg-url/-/whatwg-url-5.0.0.tgz",
      "integrity": "sha512-saE57nupxk6v3HY35+jzBwYa0rKSy0XR8JSxZPwgLr7ys0IBzhGviA1/TUGJLmSVqs8pb9AnvICXEuOHLprYTw==",
      "dependencies": {
        "tr46": "~0.0.3",
        "webidl-conversions": "^3.0.0"
      }
    }
  },
  "dependencies": {
    "@googlemaps/js-api-loader": {
      "version": "1.15.1",
      "resolved": "https://registry.npmjs.org/@googlemaps/js-api-loader/-/js-api-loader-1.15.1.tgz",
      "integrity": "sha512-AsnEgNsB7S/VdrHGEQUaUM2e5tmjFGKBAfzR/AqO8O7TPq/jQGvoRw5liPBw4EMF38RDsHmKDV89q/X+qiUREQ==",
      "optional": true,
      "requires": {
        "fast-deep-equal": "^3.1.3"
      }
    },
    "@gouvfr/dsfr": {
      "version": "1.9.0",
      "resolved": "https://registry.npmjs.org/@gouvfr/dsfr/-/dsfr-1.9.0.tgz",
      "integrity": "sha512-CWckBrvCL28QV2K1+GK/AjW40aGHmd1oXnCSFRD4iRhsIgXkE/+t6pH24L+6BKVBCSYfp2RTGAgRwVN06PqGMw=="
    },
    "fast-deep-equal": {
      "version": "3.1.3",
      "resolved": "https://registry.npmjs.org/fast-deep-equal/-/fast-deep-equal-3.1.3.tgz",
      "integrity": "sha512-f3qQ9oQy9j2AhBe/H9VC91wLmKBCCU/gDOnKNAYG5hswO7BLKj09Hc5HYNz9cGI++xlpDCIgDaitVs03ATR84Q==",
      "optional": true
    },
    "leaflet": {
      "version": "1.9.3",
      "resolved": "https://registry.npmjs.org/leaflet/-/leaflet-1.9.3.tgz",
      "integrity": "sha512-iB2cR9vAkDOu5l3HAay2obcUHZ7xwUBBjph8+PGtmW/2lYhbLizWtG7nTeYht36WfOslixQF9D/uSIzhZgGMfQ==",
      "optional": true
    },
    "leaflet-geosearch": {
      "version": "3.8.0",
      "resolved": "https://registry.npmjs.org/leaflet-geosearch/-/leaflet-geosearch-3.8.0.tgz",
      "integrity": "sha512-YYFigq2JkqaZrgEjxWyvyQy4seh0Il9xPlG+IP2Z3+K7DrQ+bYc7qDizmxKbAn2jSNUCvokz75gXj7wXcFDB9A==",
      "requires": {
        "@googlemaps/js-api-loader": "^1.14.3",
        "leaflet": "^1.6.0"
      }
    },
    "node-fetch": {
      "version": "2.6.11",
      "resolved": "https://registry.npmjs.org/node-fetch/-/node-fetch-2.6.11.tgz",
      "integrity": "sha512-4I6pdBY1EthSqDmJkiNk3JIT8cswwR9nfeW/cPdUagJYEQG7R95WRH74wpz7ma8Gh/9dI9FP+OU+0E4FvtA55w==",
      "requires": {
        "whatwg-url": "^5.0.0"
      }
    },
    "tr46": {
      "version": "0.0.3",
      "resolved": "https://registry.npmjs.org/tr46/-/tr46-0.0.3.tgz",
      "integrity": "sha512-N3WMsuqV66lT30CrXNbEjx4GEwlow3v6rr4mCcv6prnfwhS01rkgyFdjPNBYd9br7LpXV1+Emh01fHnq2Gdgrw=="
    },
    "webidl-conversions": {
      "version": "3.0.1",
      "resolved": "https://registry.npmjs.org/webidl-conversions/-/webidl-conversions-3.0.1.tgz",
      "integrity": "sha512-2JAn3z8AR6rjK8Sm8orRC0h/bcl/DqL7tRPdGZ4I1CjdF+EaMLmYxBHyXuKL849eucPFhvBoxMsflfOb8kxaeQ=="
    },
    "whatwg-url": {
      "version": "5.0.0",
      "resolved": "https://registry.npmjs.org/whatwg-url/-/whatwg-url-5.0.0.tgz",
      "integrity": "sha512-saE57nupxk6v3HY35+jzBwYa0rKSy0XR8JSxZPwgLr7ys0IBzhGviA1/TUGJLmSVqs8pb9AnvICXEuOHLprYTw==",
      "requires": {
        "tr46": "~0.0.3",
        "webidl-conversions": "^3.0.0"
      }
    }
  }
}
