{
  "name": "ggo",
  "lockfileVersion": 3,
  "requires": true,
  "packages": {
    "": {
      "dependencies": {
        "@gouvfr/dsfr": "^1.9.0",
        "leaflet-geosearch": "^3.8.0",
        "node-fetch": "^2.6.11"
      }
    },
    "node_modules/@googlemaps/js-api-loader": {
      "version": "1.16.10",
      "resolved": "https://registry.npmjs.org/@googlemaps/js-api-loader/-/js-api-loader-1.16.10.tgz",
      "integrity": "sha512-c2erv2k7P2ilYzMmtYcMgAR21AULosQuUHJbStnrvRk2dG93k5cqptDrh9A8p+ZNlyhiqEOgHW7N9PAizdUM7Q==",
      "optional": true
    },
    "node_modules/@gouvfr/dsfr": {
      "version": "1.14.0",
      "resolved": "https://registry.npmjs.org/@gouvfr/dsfr/-/dsfr-1.14.0.tgz",
      "integrity": "sha512-lF02JujHsr4J39gnC7y+qe0LLnh01cb6JwbMIKK2YcNjzvmfb26C0uW0+gyugD41wjFQQcIFWz07g6ynqxjNzA==",
      "engines": {
        "node": ">=22.14.0"
      }
    },
    "node_modules/leaflet": {
      "version": "1.9.4",
      "resolved": "https://registry.npmjs.org/leaflet/-/leaflet-1.9.4.tgz",
      "integrity": "sha512-nxS1ynzJOmOlHp+iL3FyWqK89GtNL8U8rvlMOsQdTTssxZwCXh8N2NB3GDQOL+YR3XnWyZAxwQixURb+FA74PA==",
      "optional": true
    },
    "node_modules/leaflet-geosearch": {
      "version": "3.11.1",
      "resolved": "https://registry.npmjs.org/leaflet-geosearch/-/leaflet-geosearch-3.11.1.tgz",
      "integrity": "sha512-cILLFLmn8C3MtGhaafGqY7CuhUG2+bGyUgfPHgNgW6fs4EvYyiIO88nO2ZqR7Hy6Ba089haLkhODpZR+/fRrPQ==",
      "optionalDependencies": {
        "@googlemaps/js-api-loader": "^1.16.6",
        "leaflet": "^1.6.0"
      }
    },
    "node_modules/node-fetch": {
      "version": "2.7.0",
      "resolved": "https://registry.npmjs.org/node-fetch/-/node-fetch-2.7.0.tgz",
      "integrity": "sha512-c4FRfUm/dbcWZ7U+1Wq0AwCyFL+3nt2bEw05wfxSz+DWpWsitgmSgYmy2dQdWyKC1694ELPqMs/YzUSNozLt8A==",
      "dependencies": {
        "whatwg-url": "^5.0.0"
      },
      "engines": {
        "node": "4.x || >=6.0.0"
      },
      "peerDependencies": {
        "encoding": "^0.1.0"
      },
      "peerDependenciesMeta": {
        "encoding": {
          "optional": true
        }
      }
    },
    "node_modules/tr46": {
      "version": "0.0.3",
      "resolved": "https://registry.npmjs.org/tr46/-/tr46-0.0.3.tgz",
      "integrity": "sha512-N3WMsuqV66lT30CrXNbEjx4GEwlow3v6rr4mCcv6prnfwhS01rkgyFdjPNBYd9br7LpXV1+Emh01fHnq2Gdgrw=="
    },
    "node_modules/webidl-conversions": {
      "version": "3.0.1",
      "resolved": "https://registry.npmjs.org/webidl-conversions/-/webidl-conversions-3.0.1.tgz",
      "integrity": "sha512-2JAn3z8AR6rjK8Sm8orRC0h/bcl/DqL7tRPdGZ4I1CjdF+EaMLmYxBHyXuKL849eucPFhvBoxMsflfOb8kxaeQ=="
    },
    "node_modules/whatwg-url": {
      "version": "5.0.0",
      "resolved": "https://registry.npmjs.org/whatwg-url/-/whatwg-url-5.0.0.tgz",
      "integrity": "sha512-saE57nupxk6v3HY35+jzBwYa0rKSy0XR8JSxZPwgLr7ys0IBzhGviA1/TUGJLmSVqs8pb9AnvICXEuOHLprYTw==",
      "dependencies": {
        "tr46": "~0.0.3",
        "webidl-conversions": "^3.0.0"
      }
    }
  }
}
